
Microsoft Visual Studio Solution File, Format Version 12.00
# Visual Studio 14
VisualStudioVersion = 14.0.24720.0
MinimumVisualStudioVersion = 10.0.40219.1
Project("{FAE04EC0-301F-11D3-BF4B-00C04F79EFBC}") = "telekomAidatTakip", "telekomAidatTakip\telekomAidatTakip.csproj", "{02851793-3806-4E00-B366-0067F0F05C09}"
EndProject
Project("{FAE04EC0-301F-11D3-BF4B-00C04F79EFBC}") = "telekomAidatTakipCron", "telekomAidatTakipCron\telekomAidatTakipCron.csproj", "{8A263B8F-B74C-4B38-83C3-714F39F5B8D6}"
EndProject
Project("{54435603-DBB4-11D2-8724-00A0C9A8B90C}") = "TelekomAidatSetup", "TelekomAidatSetup\TelekomAidatSetup.vdproj", "{4220B5AF-A287-4DD9-B98D-5B3B179BBB82}"
EndProject
Project("{54435603-DBB4-11D2-8724-00A0C9A8B90C}") = "telekomAidatSetupClient", "telekomAidatSetupClient\telekomAidatSetupClient.vdproj", "{C76AB8DC-7879-4612-AD20-F8474D9F98EB}"
EndProject
Global
	GlobalSection(SolutionConfigurationPlatforms) = preSolution
		Debug|Any CPU = Debug|Any CPU
		Release|Any CPU = Release|Any CPU
	EndGlobalSection
	GlobalSection(ProjectConfigurationPlatforms) = postSolution
		{02851793-3806-4E00-B366-0067F0F05C09}.Debug|Any CPU.ActiveCfg = Debug|Any CPU
		{02851793-3806-4E00-B366-0067F0F05C09}.Debug|Any CPU.Build.0 = Debug|Any CPU
		{02851793-3806-4E00-B366-0067F0F05C09}.Release|Any CPU.ActiveCfg = Release|Any CPU
		{02851793-3806-4E00-B366-0067F0F05C09}.Release|Any CPU.Build.0 = Release|Any CPU
		{8A263B8F-B74C-4B38-83C3-714F39F5B8D6}.Debug|Any CPU.ActiveCfg = Debug|Any CPU
		{8A263B8F-B74C-4B38-83C3-714F39F5B8D6}.Debug|Any CPU.Build.0 = Debug|Any CPU
		{8A263B8F-B74C-4B38-83C3-714F39F5B8D6}.Release|Any CPU.ActiveCfg = Release|Any CPU
		{8A263B8F-B74C-4B38-83C3-714F39F5B8D6}.Release|Any CPU.Build.0 = Release|Any CPU
		{4220B5AF-A287-4DD9-B98D-5B3B179BBB82}.Debug|Any CPU.ActiveCfg = Debug
		{4220B5AF-A287-4DD9-B98D-5B3B179BBB82}.Release|Any CPU.ActiveCfg = Release
		{C76AB8DC-7879-4612-AD20-F8474D9F98EB}.Debug|Any CPU.ActiveCfg = Debug
		{C76AB8DC-7879-4612-AD20-F8474D9F98EB}.Release|Any CPU.ActiveCfg = Release
	EndGlobalSection
	GlobalSection(SolutionProperties) = preSolution
		HideSolutionNode = FALSE
	EndGlobalSection
EndGlobal
